// !$*UTF8*$!
{
	archiveVersion = 1;
	classes = {
	};
	objectVersion = 55;
	objects = {

/* Begin PBXBuildFile section */
		E75C374129C9FD2900B03626 /* AppDelegate.swift in Sources */ = {isa = PBXBuildFile; fileRef = E75C374029C9FD2900B03626 /* AppDelegate.swift */; };
		E75C374329C9FD2900B03626 /* SceneDelegate.swift in Sources */ = {isa = PBXBuildFile; fileRef = E75C374229C9FD2900B03626 /* SceneDelegate.swift */; };
		E75C374529C9FD2900B03626 /* ViewController.swift in Sources */ = {isa = PBXBuildFile; fileRef = E75C374429C9FD2900B03626 /* ViewController.swift */; };
		E75C374829C9FD2900B03626 /* Main.storyboard in Resources */ = {isa = PBXBuildFile; fileRef = E75C374629C9FD2900B03626 /* Main.storyboard */; };
		E75C374A29C9FD2D00B03626 /* Assets.xcassets in Resources */ = {isa = PBXBuildFile; fileRef = E75C374929C9FD2D00B03626 /* Assets.xcassets */; };
		E75C374D29C9FD2D00B03626 /* LaunchScreen.storyboard in Resources */ = {isa = PBXBuildFile; fileRef = E75C374B29C9FD2D00B03626 /* LaunchScreen.storyboard */; };
		E75C375829C9FD2D00B03626 /* WordGuessAppTests.swift in Sources */ = {isa = PBXBuildFile; fileRef = E75C375729C9FD2D00B03626 /* WordGuessAppTests.swift */; };
		E75C376229C9FD2D00B03626 /* WordGuessAppUITests.swift in Sources */ = {isa = PBXBuildFile; fileRef = E75C376129C9FD2D00B03626 /* WordGuessAppUITests.swift */; };
		E75C376429C9FD2D00B03626 /* WordGuessAppUITestsLaunchTests.swift in Sources */ = {isa = PBXBuildFile; fileRef = E75C376329C9FD2D00B03626 /* WordGuessAppUITestsLaunchTests.swift */; };
/* End PBXBuildFile section */

/* Begin PBXContainerItemProxy section */
		E75C375429C9FD2D00B03626 /* PBXContainerItemProxy */ = {
			isa = PBXContainerItemProxy;
			containerPortal = E75C373529C9FD2900B03626 /* Project object */;
			proxyType = 1;
			remoteGlobalIDString = E75C373C29C9FD2900B03626;
			remoteInfo = WordGuessApp;
		};
		E75C375E29C9FD2D00B03626 /* PBXContainerItemProxy */ = {
			isa = PBXContainerItemProxy;
			containerPortal = E75C373529C9FD2900B03626 /* Project object */;
			proxyType = 1;
			remoteGlobalIDString = E75C373C29C9FD2900B03626;
			remoteInfo = WordGuessApp;
		};
/* End PBXContainerItemProxy section */

/* Begin PBXFileReference section */
		E75C373D29C9FD2900B03626 /* WordGuessApp.app */ = {isa = PBXFileReference; explicitFileType = wrapper.application; includeInIndex = 0; path = WordGuessApp.app; sourceTree = BUILT_PRODUCTS_DIR; };
		E75C374029C9FD2900B03626 /* AppDelegate.swift */ = {isa = PBXFileReference; lastKnownFileType = sourcecode.swift; path = AppDelegate.swift; sourceTree = "<group>"; };
		E75C374229C9FD2900B03626 /* SceneDelegate.swift */ = {isa = PBXFileReference; lastKnownFileType = sourcecode.swift; path = SceneDelegate.swift; sourceTree = "<group>"; };
		E75C374429C9FD2900B03626 /* ViewController.swift */ = {isa = PBXFileReference; lastKnownFileType = sourcecode.swift; path = ViewController.swift; sourceTree = "<group>"; };
		E75C374729C9FD2900B03626 /* Base */ = {isa = PBXFileReference; lastKnownFileType = file.storyboard; name = Base; path = Base.lproj/Main.storyboard; sourceTree = "<group>"; };
		E75C374929C9FD2D00B03626 /* Assets.xcassets */ = {isa = PBXFileReference; lastKnownFileType = folder.assetcatalog; path = Assets.xcassets; sourceTree = "<group>"; };
		E75C374C29C9FD2D00B03626 /* Base */ = {isa = PBXFileReference; lastKnownFileType = file.storyboard; name = Base; path = Base.lproj/LaunchScreen.storyboard; sourceTree = "<group>"; };
		E75C374E29C9FD2D00B03626 /* Info.plist */ = {isa = PBXFileReference; lastKnownFileType = text.plist.xml; path = Info.plist; sourceTree = "<group>"; };
		E75C375329C9FD2D00B03626 /* WordGuessAppTests.xctest */ = {isa = PBXFileReference; explicitFileType = wrapper.cfbundle; includeInIndex = 0; path = WordGuessAppTests.xctest; sourceTree = BUILT_PRODUCTS_DIR; };
		E75C375729C9FD2D00B03626 /* WordGuessAppTests.swift */ = {isa = PBXFileReference; lastKnownFileType = sourcecode.swift; path = WordGuessAppTests.swift; sourceTree = "<group>"; };
		E75C375D29C9FD2D00B03626 /* WordGuessAppUITests.xctest */ = {isa = PBXFileReference; explicitFileType = wrapper.cfbundle; includeInIndex = 0; path = WordGuessAppUITests.xctest; sourceTree = BUILT_PRODUCTS_DIR; };
		E75C376129C9FD2D00B03626 /* WordGuessAppUITests.swift */ = {isa = PBXFileReference; lastKnownFileType = sourcecode.swift; path = WordGuessAppUITests.swift; sourceTree = "<group>"; };
		E75C376329C9FD2D00B03626 /* WordGuessAppUITestsLaunchTests.swift */ = {isa = PBXFileReference; lastKnownFileType = sourcecode.swift; path = WordGuessAppUITestsLaunchTests.swift; sourceTree = "<group>"; };
/* End PBXFileReference section */

/* Begin PBXFrameworksBuildPhase section */
		E75C373A29C9FD2900B03626 /* Frameworks */ = {
			isa = PBXFrameworksBuildPhase;
			buildActionMask = 2147483647;
			files = (
			);
			runOnlyForDeploymentPostprocessing = 0;
		};
		E75C375029C9FD2D00B03626 /* Frameworks */ = {
			isa = PBXFrameworksBuildPhase;
			buildActionMask = 2147483647;
			files = (
			);
			runOnlyForDeploymentPostprocessing = 0;
		};
		E75C375A29C9FD2D00B03626 /* Frameworks */ = {
			isa = PBXFrameworksBuildPhase;
			buildActionMask = 2147483647;
			files = (
			);
			runOnlyForDeploymentPostprocessing = 0;
		};
/* End PBXFrameworksBuildPhase section */

/* Begin PBXGroup section */
		E75C373429C9FD2900B03626 = {
			isa = PBXGroup;
			children = (
				E75C373F29C9FD2900B03626 /* WordGuessApp */,
				E75C375629C9FD2D00B03626 /* WordGuessAppTests */,
				E75C376029C9FD2D00B03626 /* WordGuessAppUITests */,
				E75C373E29C9FD2900B03626 /* Products */,
			);
			sourceTree = "<group>";
		};
		E75C373E29C9FD2900B03626 /* Products */ = {
			isa = PBXGroup;
			children = (
				E75C373D29C9FD2900B03626 /* WordGuessApp.app */,
				E75C375329C9FD2D00B03626 /* WordGuessAppTests.xctest */,
				E75C375D29C9FD2D00B03626 /* WordGuessAppUITests.xctest */,
			);
			name = Products;
			sourceTree = "<group>";
		};
		E75C373F29C9FD2900B03626 /* WordGuessApp */ = {
			isa = PBXGroup;
			children = (
				E75C374029C9FD2900B03626 /* AppDelegate.swift */,
				E75C374229C9FD2900B03626 /* SceneDelegate.swift */,
				E75C374429C9FD2900B03626 /* ViewController.swift */,
				E75C374629C9FD2900B03626 /* Main.storyboard */,
				E75C374929C9FD2D00B03626 /* Assets.xcassets */,
				E75C374B29C9FD2D00B03626 /* LaunchScreen.storyboard */,
				E75C374E29C9FD2D00B03626 /* Info.plist */,
			);
			path = WordGuessApp;
			sourceTree = "<group>";
		};
		E75C375629C9FD2D00B03626 /* WordGuessAppTests */ = {
			isa = PBXGroup;
			children = (
				E75C375729C9FD2D00B03626 /* WordGuessAppTests.swift */,
			);
			path = WordGuessAppTests;
			sourceTree = "<group>";
		};
		E75C376029C9FD2D00B03626 /* WordGuessAppUITests */ = {
			isa = PBXGroup;
			children = (
				E75C376129C9FD2D00B03626 /* WordGuessAppUITests.swift */,
				E75C376329C9FD2D00B03626 /* WordGuessAppUITestsLaunchTests.swift */,
			);
			path = WordGuessAppUITests;
			sourceTree = "<group>";
		};
/* End PBXGroup section */

/* Begin PBXNativeTarget section */
		E75C373C29C9FD2900B03626 /* WordGuessApp */ = {
			isa = PBXNativeTarget;
			buildConfigurationList = E75C376729C9FD2D00B03626 /* Build configuration list for PBXNativeTarget "WordGuessApp" */;
			buildPhases = (
				E75C373929C9FD2900B03626 /* Sources */,
				E75C373A29C9FD2900B03626 /* Frameworks */,
				E75C373B29C9FD2900B03626 /* Resources */,
			);
			buildRules = (
			);
			dependencies = (
			);
			name = WordGuessApp;
			productName = WordGuessApp;
			productReference = E75C373D29C9FD2900B03626 /* WordGuessApp.app */;
			productType = "com.apple.product-type.application";
		};
		E75C375229C9FD2D00B03626 /* WordGuessAppTests */ = {
			isa = PBXNativeTarget;
			buildConfigurationList = E75C376A29C9FD2D00B03626 /* Build configuration list for PBXNativeTarget "WordGuessAppTests" */;
			buildPhases = (
				E75C374F29C9FD2D00B03626 /* Sources */,
				E75C375029C9FD2D00B03626 /* Frameworks */,
				E75C375129C9FD2D00B03626 /* Resources */,
			);
			buildRules = (
			);
			dependencies = (
				E75C375529C9FD2D00B03626 /* PBXTargetDependency */,
			);
			name = WordGuessAppTests;
			productName = WordGuessAppTests;
			productReference = E75C375329C9FD2D00B03626 /* WordGuessAppTests.xctest */;
			productType = "com.apple.product-type.bundle.unit-test";
		};
		E75C375C29C9FD2D00B03626 /* WordGuessAppUITests */ = {
			isa = PBXNativeTarget;
			buildConfigurationList = E75C376D29C9FD2D00B03626 /* Build configuration list for PBXNativeTarget "WordGuessAppUITests" */;
			buildPhases = (
				E75C375929C9FD2D00B03626 /* Sources */,
				E75C375A29C9FD2D00B03626 /* Frameworks */,
				E75C375B29C9FD2D00B03626 /* Resources */,
			);
			buildRules = (
			);
			dependencies = (
				E75C375F29C9FD2D00B03626 /* PBXTargetDependency */,
			);
			name = WordGuessAppUITests;
			productName = WordGuessAppUITests;
			productReference = E75C375D29C9FD2D00B03626 /* WordGuessAppUITests.xctest */;
			productType = "com.apple.product-type.bundle.ui-testing";
		};
/* End PBXNativeTarget section */

/* Begin PBXProject section */
		E75C373529C9FD2900B03626 /* Project object */ = {
			isa = PBXProject;
			attributes = {
				BuildIndependentTargetsInParallel = 1;
				LastSwiftUpdateCheck = 1340;
				LastUpgradeCheck = 1340;
				TargetAttributes = {
					E75C373C29C9FD2900B03626 = {
						CreatedOnToolsVersion = 13.4.1;
					};
					E75C375229C9FD2D00B03626 = {
						CreatedOnToolsVersion = 13.4.1;
						TestTargetID = E75C373C29C9FD2900B03626;
					};
					E75C375C29C9FD2D00B03626 = {
						CreatedOnToolsVersion = 13.4.1;
						TestTargetID = E75C373C29C9FD2900B03626;
					};
				};
			};
			buildConfigurationList = E75C373829C9FD2900B03626 /* Build configuration list for PBXProject "WordGuessApp" */;
			compatibilityVersion = "Xcode 13.0";
			developmentRegion = en;
			hasScannedForEncodings = 0;
			knownRegions = (
				en,
				Base,
			);
			mainGroup = E75C373429C9FD2900B03626;
			productRefGroup = E75C373E29C9FD2900B03626 /* Products */;
			projectDirPath = "";
			projectRoot = "";
			targets = (
				E75C373C29C9FD2900B03626 /* WordGuessApp */,
				E75C375229C9FD2D00B03626 /* WordGuessAppTests */,
				E75C375C29C9FD2D00B03626 /* WordGuessAppUITests */,
			);
		};
/* End PBXProject section */

/* Begin PBXResourcesBuildPhase section */
		E75C373B29C9FD2900B03626 /* Resources */ = {
			isa = PBXResourcesBuildPhase;
			buildActionMask = 2147483647;
			files = (
				E75C374D29C9FD2D00B03626 /* LaunchScreen.storyboard in Resources */,
				E75C374A29C9FD2D00B03626 /* Assets.xcassets in Resources */,
				E75C374829C9FD2900B03626 /* Main.storyboard in Resources */,
			);
			runOnlyForDeploymentPostprocessing = 0;
		};
		E75C375129C9FD2D00B03626 /* Resources */ = {
			isa = PBXResourcesBuildPhase;
			buildActionMask = 2147483647;
			files = (
			);
			runOnlyForDeploymentPostprocessing = 0;
		};
		E75C375B29C9FD2D00B03626 /* Resources */ = {
			isa = PBXResourcesBuildPhase;
			buildActionMask = 2147483647;
			files = (
			);
			runOnlyForDeploymentPostprocessing = 0;
		};
/* End PBXResourcesBuildPhase section */

/* Begin PBXSourcesBuildPhase section */
		E75C373929C9FD2900B03626 /* Sources */ = {
			isa = PBXSourcesBuildPhase;
			buildActionMask = 2147483647;
			files = (
				E75C374529C9FD2900B03626 /* ViewController.swift in Sources */,
				E75C374129C9FD2900B03626 /* AppDelegate.swift in Sources */,
				E75C374329C9FD2900B03626 /* SceneDelegate.swift in Sources */,
			);
			runOnlyForDeploymentPostprocessing = 0;
		};
		E75C374F29C9FD2D00B03626 /* Sources */ = {
			isa = PBXSourcesBuildPhase;
			buildActionMask = 2147483647;
			files = (
				E75C375829C9FD2D00B03626 /* WordGuessAppTests.swift in Sources */,
			);
			runOnlyForDeploymentPostprocessing = 0;
		};
		E75C375929C9FD2D00B03626 /* Sources */ = {
			isa = PBXSourcesBuildPhase;
			buildActionMask = 2147483647;
			files = (
				E75C376429C9FD2D00B03626 /* WordGuessAppUITestsLaunchTests.swift in Sources */,
				E75C376229C9FD2D00B03626 /* WordGuessAppUITests.swift in Sources */,
			);
			runOnlyForDeploymentPostprocessing = 0;
		};
/* End PBXSourcesBuildPhase section */

/* Begin PBXTargetDependency section */
		E75C375529C9FD2D00B03626 /* PBXTargetDependency */ = {
			isa = PBXTargetDependency;
			target = E75C373C29C9FD2900B03626 /* WordGuessApp */;
			targetProxy = E75C375429C9FD2D00B03626 /* PBXContainerItemProxy */;
		};
		E75C375F29C9FD2D00B03626 /* PBXTargetDependency */ = {
			isa = PBXTargetDependency;
			target = E75C373C29C9FD2900B03626 /* WordGuessApp */;
			targetProxy = E75C375E29C9FD2D00B03626 /* PBXContainerItemProxy */;
		};
/* End PBXTargetDependency section */

/* Begin PBXVariantGroup section */
		E75C374629C9FD2900B03626 /* Main.storyboard */ = {
			isa = PBXVariantGroup;
			children = (
				E75C374729C9FD2900B03626 /* Base */,
			);
			name = Main.storyboard;
			sourceTree = "<group>";
		};
		E75C374B29C9FD2D00B03626 /* LaunchScreen.storyboard */ = {
			isa = PBXVariantGroup;
			children = (
				E75C374C29C9FD2D00B03626 /* Base */,
			);
			name = LaunchScreen.storyboard;
			sourceTree = "<group>";
		};
/* End PBXVariantGroup section */

/* Begin XCBuildConfiguration section */
		E75C376529C9FD2D00B03626 /* Debug */ = {
			isa = XCBuildConfiguration;
			buildSettings = {
				ALWAYS_SEARCH_USER_PATHS = NO;
				CLANG_ANALYZER_NONNULL = YES;
				CLANG_ANALYZER_NUMBER_OBJECT_CONVERSION = YES_AGGRESSIVE;
				CLANG_CXX_LANGUAGE_STANDARD = "gnu++17";
				CLANG_ENABLE_MODULES = YES;
				CLANG_ENABLE_OBJC_ARC = YES;
				CLANG_ENABLE_OBJC_WEAK = YES;
				CLANG_WARN_BLOCK_CAPTURE_AUTORELEASING = YES;
				CLANG_WARN_BOOL_CONVERSION = YES;
				CLANG_WARN_COMMA = YES;
				CLANG_WARN_CONSTANT_CONVERSION = YES;
				CLANG_WARN_DEPRECATED_OBJC_IMPLEMENTATIONS = YES;
				CLANG_WARN_DIRECT_OBJC_ISA_USAGE = YES_ERROR;
				CLANG_WARN_DOCUMENTATION_COMMENTS = YES;
				CLANG_WARN_EMPTY_BODY = YES;
				CLANG_WARN_ENUM_CONVERSION = YES;
				CLANG_WARN_INFINITE_RECURSION = YES;
				CLANG_WARN_INT_CONVERSION = YES;
				CLANG_WARN_NON_LITERAL_NULL_CONVERSION = YES;
				CLANG_WARN_OBJC_IMPLICIT_RETAIN_SELF = YES;
				CLANG_WARN_OBJC_LITERAL_CONVERSION = YES;
				CLANG_WARN_OBJC_ROOT_CLASS = YES_ERROR;
				CLANG_WARN_QUOTED_INCLUDE_IN_FRAMEWORK_HEADER = YES;
				CLANG_WARN_RANGE_LOOP_ANALYSIS = YES;
				CLANG_WARN_STRICT_PROTOTYPES = YES;
				CLANG_WARN_SUSPICIOUS_MOVE = YES;
				CLANG_WARN_UNGUARDED_AVAILABILITY = YES_AGGRESSIVE;
				CLANG_WARN_UNREACHABLE_CODE = YES;
				CLANG_WARN__DUPLICATE_METHOD_MATCH = YES;
				COPY_PHASE_STRIP = NO;
				DEBUG_INFORMATION_FORMAT = dwarf;
				ENABLE_STRICT_OBJC_MSGSEND = YES;
				ENABLE_TESTABILITY = YES;
				GCC_C_LANGUAGE_STANDARD = gnu11;
				GCC_DYNAMIC_NO_PIC = NO;
				GCC_NO_COMMON_BLOCKS = YES;
				GCC_OPTIMIZATION_LEVEL = 0;
				GCC_PREPROCESSOR_DEFINITIONS = (
					"DEBUG=1",
					"$(inherited)",
				);
				GCC_WARN_64_TO_32_BIT_CONVERSION = YES;
				GCC_WARN_ABOUT_RETURN_TYPE = YES_ERROR;
				GCC_WARN_UNDECLARED_SELECTOR = YES;
				GCC_WARN_UNINITIALIZED_AUTOS = YES_AGGRESSIVE;
				GCC_WARN_UNUSED_FUNCTION = YES;
				GCC_WARN_UNUSED_VARIABLE = YES;
				IPHONEOS_DEPLOYMENT_TARGET = 15.5;
				MTL_ENABLE_DEBUG_INFO = INCLUDE_SOURCE;
				MTL_FAST_MATH = YES;
				ONLY_ACTIVE_ARCH = YES;
				SDKROOT = iphoneos;
				SWIFT_ACTIVE_COMPILATION_CONDITIONS = DEBUG;
				SWIFT_OPTIMIZATION_LEVEL = "-Onone";
			};
			name = Debug;
		};
		E75C376629C9FD2D00B03626 /* Release */ = {
			isa = XCBuildConfiguration;
			buildSettings = {
				ALWAYS_SEARCH_USER_PATHS = NO;
				CLANG_ANALYZER_NONNULL = YES;
				CLANG_ANALYZER_NUMBER_OBJECT_CONVERSION = YES_AGGRESSIVE;
				CLANG_CXX_LANGUAGE_STANDARD = "gnu++17";
				CLANG_ENABLE_MODULES = YES;
				CLANG_ENABLE_OBJC_ARC = YES;
				CLANG_ENABLE_OBJC_WEAK = YES;
				CLANG_WARN_BLOCK_CAPTURE_AUTORELEASING = YES;
				CLANG_WARN_BOOL_CONVERSION = YES;
				CLANG_WARN_COMMA = YES;
				CLANG_WARN_CONSTANT_CONVERSION = YES;
				CLANG_WARN_DEPRECATED_OBJC_IMPLEMENTATIONS = YES;
				CLANG_WARN_DIRECT_OBJC_ISA_USAGE = YES_ERROR;
				CLANG_WARN_DOCUMENTATION_COMMENTS = YES;
				CLANG_WARN_EMPTY_BODY = YES;
				CLANG_WARN_ENUM_CONVERSION = YES;
				CLANG_WARN_INFINITE_RECURSION = YES;
				CLANG_WARN_INT_CONVERSION = YES;
				CLANG_WARN_NON_LITERAL_NULL_CONVERSION = YES;
				CLANG_WARN_OBJC_IMPLICIT_RETAIN_SELF = YES;
				CLANG_WARN_OBJC_LITERAL_CONVERSION = YES;
				CLANG_WARN_OBJC_ROOT_CLASS = YES_ERROR;
				CLANG_WARN_QUOTED_INCLUDE_IN_FRAMEWORK_HEADER = YES;
				CLANG_WARN_RANGE_LOOP_ANALYSIS = YES;
				CLANG_WARN_STRICT_PROTOTYPES = YES;
				CLANG_WARN_SUSPICIOUS_MOVE = YES;
				CLANG_WARN_UNGUARDED_AVAILABILITY = YES_AGGRESSIVE;
				CLANG_WARN_UNREACHABLE_CODE = YES;
				CLANG_WARN__DUPLICATE_METHOD_MATCH = YES;
				COPY_PHASE_STRIP = NO;
				DEBUG_INFORMATION_FORMAT = "dwarf-with-dsym";
				ENABLE_NS_ASSERTIONS = NO;
				ENABLE_STRICT_OBJC_MSGSEND = YES;
				GCC_C_LANGUAGE_STANDARD = gnu11;
				GCC_NO_COMMON_BLOCKS = YES;
				GCC_WARN_64_TO_32_BIT_CONVERSION = YES;
				GCC_WARN_ABOUT_RETURN_TYPE = YES_ERROR;
				GCC_WARN_UNDECLARED_SELECTOR = YES;
				GCC_WARN_UNINITIALIZED_AUTOS = YES_AGGRESSIVE;
				GCC_WARN_UNUSED_FUNCTION = YES;
				GCC_WARN_UNUSED_VARIABLE = YES;
				IPHONEOS_DEPLOYMENT_TARGET = 15.5;
				MTL_ENABLE_DEBUG_INFO = NO;
				MTL_FAST_MATH = YES;
				SDKROOT = iphoneos;
				SWIFT_COMPILATION_MODE = wholemodule;
				SWIFT_OPTIMIZATION_LEVEL = "-O";
				VALIDATE_PRODUCT = YES;
			};
			name = Release;
		};
		E75C376829C9FD2D00B03626 /* Debug */ = {
			isa = XCBuildConfiguration;
			buildSettings = {
				ASSETCATALOG_COMPILER_APPICON_NAME = AppIcon;
				ASSETCATALOG_COMPILER_GLOBAL_ACCENT_COLOR_NAME = AccentColor;
				CODE_SIGN_STYLE = Automatic;
				CURRENT_PROJECT_VERSION = 1;
				GENERATE_INFOPLIST_FILE = YES;
				INFOPLIST_FILE = WordGuessApp/Info.plist;
				INFOPLIST_KEY_CFBundleDisplayName = WordGuessApp;
				INFOPLIST_KEY_UIApplicationSupportsIndirectInputEvents = YES;
				INFOPLIST_KEY_UILaunchStoryboardName = LaunchScreen;
				INFOPLIST_KEY_UIMainStoryboardFile = Main;
				INFOPLIST_KEY_UISupportedInterfaceOrientations_iPad = "UIInterfaceOrientationPortrait UIInterfaceOrientationPortraitUpsideDown UIInterfaceOrientationLandscapeLeft UIInterfaceOrientationLandscapeRight";
				INFOPLIST_KEY_UISupportedInterfaceOrientations_iPhone = "UIInterfaceOrientationPortrait UIInterfaceOrientationLandscapeLeft UIInterfaceOrientationLandscapeRight";
				LD_RUNPATH_SEARCH_PATHS = (
					"$(inherited)",
					"@executable_path/Frameworks",
				);
				MARKETING_VERSION = 1.0;
				PRODUCT_BUNDLE_IDENTIFIER = nwmissouri.edu.WordGuessApp;
				PRODUCT_NAME = "$(TARGET_NAME)";
				SWIFT_EMIT_LOC_STRINGS = YES;
				SWIFT_VERSION = 5.0;
				TARGETED_DEVICE_FAMILY = "1,2";
			};
			name = Debug;
		};
		E75C376929C9FD2D00B03626 /* Release */ = {
			isa = XCBuildConfiguration;
			buildSettings = {
				ASSETCATALOG_COMPILER_APPICON_NAME = AppIcon;
				ASSETCATALOG_COMPILER_GLOBAL_ACCENT_COLOR_NAME = AccentColor;
				CODE_SIGN_STYLE = Automatic;
				CURRENT_PROJECT_VERSION = 1;
				GENERATE_INFOPLIST_FILE = YES;
				INFOPLIST_FILE = WordGuessApp/Info.plist;
				INFOPLIST_KEY_CFBundleDisplayName = WordGuessApp;
				INFOPLIST_KEY_UIApplicationSupportsIndirectInputEvents = YES;
				INFOPLIST_KEY_UILaunchStoryboardName = LaunchScreen;
				INFOPLIST_KEY_UIMainStoryboardFile = Main;
				INFOPLIST_KEY_UISupportedInterfaceOrientations_iPad = "UIInterfaceOrientationPortrait UIInterfaceOrientationPortraitUpsideDown UIInterfaceOrientationLandscapeLeft UIInterfaceOrientationLandscapeRight";
				INFOPLIST_KEY_UISupportedInterfaceOrientations_iPhone = "UIInterfaceOrientationPortrait UIInterfaceOrientationLandscapeLeft UIInterfaceOrientationLandscapeRight";
				LD_RUNPATH_SEARCH_PATHS = (
					"$(inherited)",
					"@executable_path/Frameworks",
				);
				MARKETING_VERSION = 1.0;
				PRODUCT_BUNDLE_IDENTIFIER = nwmissouri.edu.WordGuessApp;
				PRODUCT_NAME = "$(TARGET_NAME)";
				SWIFT_EMIT_LOC_STRINGS = YES;
				SWIFT_VERSION = 5.0;
				TARGETED_DEVICE_FAMILY = "1,2";
			};
			name = Release;
		};
		E75C376B29C9FD2D00B03626 /* Debug */ = {
			isa = XCBuildConfiguration;
			buildSettings = {
				ALWAYS_EMBED_SWIFT_STANDARD_LIBRARIES = YES;
				BUNDLE_LOADER = "$(TEST_HOST)";
				CODE_SIGN_STYLE = Automatic;
				CURRENT_PROJECT_VERSION = 1;
				GENERATE_INFOPLIST_FILE = YES;
				IPHONEOS_DEPLOYMENT_TARGET = 15.5;
				MARKETING_VERSION = 1.0;
				PRODUCT_BUNDLE_IDENTIFIER = nwmissouri.edu.WordGuessAppTests;
				PRODUCT_NAME = "$(TARGET_NAME)";
				SWIFT_EMIT_LOC_STRINGS = NO;
				SWIFT_VERSION = 5.0;
				TARGETED_DEVICE_FAMILY = "1,2";
				TEST_HOST = "$(BUILT_PRODUCTS_DIR)/WordGuessApp.app/WordGuessApp";
			};
			name = Debug;
		};
		E75C376C29C9FD2D00B03626 /* Release */ = {
			isa = XCBuildConfiguration;
			buildSettings = {
				ALWAYS_EMBED_SWIFT_STANDARD_LIBRARIES = YES;
				BUNDLE_LOADER = "$(TEST_HOST)";
				CODE_SIGN_STYLE = Automatic;
				CURRENT_PROJECT_VERSION = 1;
				GENERATE_INFOPLIST_FILE = YES;
				IPHONEOS_DEPLOYMENT_TARGET = 15.5;
				MARKETING_VERSION = 1.0;
				PRODUCT_BUNDLE_IDENTIFIER = nwmissouri.edu.WordGuessAppTests;
				PRODUCT_NAME = "$(TARGET_NAME)";
				SWIFT_EMIT_LOC_STRINGS = NO;
				SWIFT_VERSION = 5.0;
				TARGETED_DEVICE_FAMILY = "1,2";
				TEST_HOST = "$(BUILT_PRODUCTS_DIR)/WordGuessApp.app/WordGuessApp";
			};
			name = Release;
		};
		E75C376E29C9FD2D00B03626 /* Debug */ = {
			isa = XCBuildConfiguration;
			buildSettings = {
				ALWAYS_EMBED_SWIFT_STANDARD_LIBRARIES = YES;
				CODE_SIGN_STYLE = Automatic;
				CURRENT_PROJECT_VERSION = 1;
				GENERATE_INFOPLIST_FILE = YES;
				MARKETING_VERSION = 1.0;
				PRODUCT_BUNDLE_IDENTIFIER = nwmissouri.edu.WordGuessAppUITests;
				PRODUCT_NAME = "$(TARGET_NAME)";
				SWIFT_EMIT_LOC_STRINGS = NO;
				SWIFT_VERSION = 5.0;
				TARGETED_DEVICE_FAMILY = "1,2";
				TEST_TARGET_NAME = WordGuessApp;
			};
			name = Debug;
		};
		E75C376F29C9FD2D00B03626 /* Release */ = {
			isa = XCBuildConfiguration;
			buildSettings = {
				ALWAYS_EMBED_SWIFT_STANDARD_LIBRARIES = YES;
				CODE_SIGN_STYLE = Automatic;
				CURRENT_PROJECT_VERSION = 1;
				GENERATE_INFOPLIST_FILE = YES;
				MARKETING_VERSION = 1.0;
				PRODUCT_BUNDLE_IDENTIFIER = nwmissouri.edu.WordGuessAppUITests;
				PRODUCT_NAME = "$(TARGET_NAME)";
				SWIFT_EMIT_LOC_STRINGS = NO;
				SWIFT_VERSION = 5.0;
				TARGETED_DEVICE_FAMILY = "1,2";
				TEST_TARGET_NAME = WordGuessApp;
			};
			name = Release;
		};
/* End XCBuildConfiguration section */

/* Begin XCConfigurationList section */
		E75C373829C9FD2900B03626 /* Build configuration list for PBXProject "WordGuessApp" */ = {
			isa = XCConfigurationList;
			buildConfigurations = (
				E75C376529C9FD2D00B03626 /* Debug */,
				E75C376629C9FD2D00B03626 /* Release */,
			);
			defaultConfigurationIsVisible = 0;
			defaultConfigurationName = Release;
		};
		E75C376729C9FD2D00B03626 /* Build configuration list for PBXNativeTarget "WordGuessApp" */ = {
			isa = XCConfigurationList;
			buildConfigurations = (
				E75C376829C9FD2D00B03626 /* Debug */,
				E75C376929C9FD2D00B03626 /* Release */,
			);
			defaultConfigurationIsVisible = 0;
			defaultConfigurationName = Release;
		};
		E75C376A29C9FD2D00B03626 /* Build configuration list for PBXNativeTarget "WordGuessAppTests" */ = {
			isa = XCConfigurationList;
			buildConfigurations = (
				E75C376B29C9FD2D00B03626 /* Debug */,
				E75C376C29C9FD2D00B03626 /* Release */,
			);
			defaultConfigurationIsVisible = 0;
			defaultConfigurationName = Release;
		};
		E75C376D29C9FD2D00B03626 /* Build configuration list for PBXNativeTarget "WordGuessAppUITests" */ = {
			isa = XCConfigurationList;
			buildConfigurations = (
				E75C376E29C9FD2D00B03626 /* Debug */,
				E75C376F29C9FD2D00B03626 /* Release */,
			);
			defaultConfigurationIsVisible = 0;
			defaultConfigurationName = Release;
		};
/* End XCConfigurationList section */
	};
	rootObject = E75C373529C9FD2900B03626 /* Project object */;
}
