// !$*UTF8*$!
{
	archiveVersion = 1;
	classes = {
	};
	objectVersion = 55;
	objects = {

/* Begin PBXBuildFile section */
		E7CA662029F18630006FB086 /* AppDelegate.swift in Sources */ = {isa = PBXBuildFile; fileRef = E7CA661F29F18630006FB086 /* AppDelegate.swift */; };
		E7CA662229F18630006FB086 /* SceneDelegate.swift in Sources */ = {isa = PBXBuildFile; fileRef = E7CA662129F18630006FB086 /* SceneDelegate.swift */; };
		E7CA662429F18630006FB086 /* ViewController.swift in Sources */ = {isa = PBXBuildFile; fileRef = E7CA662329F18630006FB086 /* ViewController.swift */; };
		E7CA662729F18630006FB086 /* Main.storyboard in Resources */ = {isa = PBXBuildFile; fileRef = E7CA662529F18630006FB086 /* Main.storyboard */; };
		E7CA662929F18633006FB086 /* Assets.xcassets in Resources */ = {isa = PBXBuildFile; fileRef = E7CA662829F18633006FB086 /* Assets.xcassets */; };
		E7CA662C29F18633006FB086 /* LaunchScreen.storyboard in Resources */ = {isa = PBXBuildFile; fileRef = E7CA662A29F18633006FB086 /* LaunchScreen.storyboard */; };
		E7CA663729F18634006FB086 /* CollectionViewMovieAppTests.swift in Sources */ = {isa = PBXBuildFile; fileRef = E7CA663629F18634006FB086 /* CollectionViewMovieAppTests.swift */; };
		E7CA664129F18634006FB086 /* CollectionViewMovieAppUITests.swift in Sources */ = {isa = PBXBuildFile; fileRef = E7CA664029F18634006FB086 /* CollectionViewMovieAppUITests.swift */; };
		E7CA664329F18634006FB086 /* CollectionViewMovieAppUITestsLaunchTests.swift in Sources */ = {isa = PBXBuildFile; fileRef = E7CA664229F18634006FB086 /* CollectionViewMovieAppUITestsLaunchTests.swift */; };
		E7CA665029F18A6E006FB086 /* movie.swift in Sources */ = {isa = PBXBuildFile; fileRef = E7CA664F29F18A6E006FB086 /* movie.swift */; };
		E7CA665229F18B2F006FB086 /* MovieCollectionViewCell.swift in Sources */ = {isa = PBXBuildFile; fileRef = E7CA665129F18B2F006FB086 /* MovieCollectionViewCell.swift */; };
/* End PBXBuildFile section */

/* Begin PBXContainerItemProxy section */
		E7CA663329F18634006FB086 /* PBXContainerItemProxy */ = {
			isa = PBXContainerItemProxy;
			containerPortal = E7CA661429F18630006FB086 /* Project object */;
			proxyType = 1;
			remoteGlobalIDString = E7CA661B29F18630006FB086;
			remoteInfo = CollectionViewMovieApp;
		};
		E7CA663D29F18634006FB086 /* PBXContainerItemProxy */ = {
			isa = PBXContainerItemProxy;
			containerPortal = E7CA661429F18630006FB086 /* Project object */;
			proxyType = 1;
			remoteGlobalIDString = E7CA661B29F18630006FB086;
			remoteInfo = CollectionViewMovieApp;
		};
/* End PBXContainerItemProxy section */

/* Begin PBXFileReference section */
		E7CA661C29F18630006FB086 /* CollectionViewMovieApp.app */ = {isa = PBXFileReference; explicitFileType = wrapper.application; includeInIndex = 0; path = CollectionViewMovieApp.app; sourceTree = BUILT_PRODUCTS_DIR; };
		E7CA661F29F18630006FB086 /* AppDelegate.swift */ = {isa = PBXFileReference; lastKnownFileType = sourcecode.swift; path = AppDelegate.swift; sourceTree = "<group>"; };
		E7CA662129F18630006FB086 /* SceneDelegate.swift */ = {isa = PBXFileReference; lastKnownFileType = sourcecode.swift; path = SceneDelegate.swift; sourceTree = "<group>"; };
		E7CA662329F18630006FB086 /* ViewController.swift */ = {isa = PBXFileReference; lastKnownFileType = sourcecode.swift; path = ViewController.swift; sourceTree = "<group>"; };
		E7CA662629F18630006FB086 /* Base */ = {isa = PBXFileReference; lastKnownFileType = file.storyboard; name = Base; path = Base.lproj/Main.storyboard; sourceTree = "<group>"; };
		E7CA662829F18633006FB086 /* Assets.xcassets */ = {isa = PBXFileReference; lastKnownFileType = folder.assetcatalog; path = Assets.xcassets; sourceTree = "<group>"; };
		E7CA662B29F18633006FB086 /* Base */ = {isa = PBXFileReference; lastKnownFileType = file.storyboard; name = Base; path = Base.lproj/LaunchScreen.storyboard; sourceTree = "<group>"; };
		E7CA662D29F18633006FB086 /* Info.plist */ = {isa = PBXFileReference; lastKnownFileType = text.plist.xml; path = Info.plist; sourceTree = "<group>"; };
		E7CA663229F18634006FB086 /* CollectionViewMovieAppTests.xctest */ = {isa = PBXFileReference; explicitFileType = wrapper.cfbundle; includeInIndex = 0; path = CollectionViewMovieAppTests.xctest; sourceTree = BUILT_PRODUCTS_DIR; };
		E7CA663629F18634006FB086 /* CollectionViewMovieAppTests.swift */ = {isa = PBXFileReference; lastKnownFileType = sourcecode.swift; path = CollectionViewMovieAppTests.swift; sourceTree = "<group>"; };
		E7CA663C29F18634006FB086 /* CollectionViewMovieAppUITests.xctest */ = {isa = PBXFileReference; explicitFileType = wrapper.cfbundle; includeInIndex = 0; path = CollectionViewMovieAppUITests.xctest; sourceTree = BUILT_PRODUCTS_DIR; };
		E7CA664029F18634006FB086 /* CollectionViewMovieAppUITests.swift */ = {isa = PBXFileReference; lastKnownFileType = sourcecode.swift; path = CollectionViewMovieAppUITests.swift; sourceTree = "<group>"; };
		E7CA664229F18634006FB086 /* CollectionViewMovieAppUITestsLaunchTests.swift */ = {isa = PBXFileReference; lastKnownFileType = sourcecode.swift; path = CollectionViewMovieAppUITestsLaunchTests.swift; sourceTree = "<group>"; };
		E7CA664F29F18A6E006FB086 /* movie.swift */ = {isa = PBXFileReference; lastKnownFileType = sourcecode.swift; path = movie.swift; sourceTree = "<group>"; };
		E7CA665129F18B2F006FB086 /* MovieCollectionViewCell.swift */ = {isa = PBXFileReference; lastKnownFileType = sourcecode.swift; path = MovieCollectionViewCell.swift; sourceTree = "<group>"; };
/* End PBXFileReference section */

/* Begin PBXFrameworksBuildPhase section */
		E7CA661929F18630006FB086 /* Frameworks */ = {
			isa = PBXFrameworksBuildPhase;
			buildActionMask = 2147483647;
			files = (
			);
			runOnlyForDeploymentPostprocessing = 0;
		};
		E7CA662F29F18634006FB086 /* Frameworks */ = {
			isa = PBXFrameworksBuildPhase;
			buildActionMask = 2147483647;
			files = (
			);
			runOnlyForDeploymentPostprocessing = 0;
		};
		E7CA663929F18634006FB086 /* Frameworks */ = {
			isa = PBXFrameworksBuildPhase;
			buildActionMask = 2147483647;
			files = (
			);
			runOnlyForDeploymentPostprocessing = 0;
		};
/* End PBXFrameworksBuildPhase section */

/* Begin PBXGroup section */
		E7CA661329F18630006FB086 = {
			isa = PBXGroup;
			children = (
				E7CA661E29F18630006FB086 /* CollectionViewMovieApp */,
				E7CA663529F18634006FB086 /* CollectionViewMovieAppTests */,
				E7CA663F29F18634006FB086 /* CollectionViewMovieAppUITests */,
				E7CA661D29F18630006FB086 /* Products */,
			);
			sourceTree = "<group>";
		};
		E7CA661D29F18630006FB086 /* Products */ = {
			isa = PBXGroup;
			children = (
				E7CA661C29F18630006FB086 /* CollectionViewMovieApp.app */,
				E7CA663229F18634006FB086 /* CollectionViewMovieAppTests.xctest */,
				E7CA663C29F18634006FB086 /* CollectionViewMovieAppUITests.xctest */,
			);
			name = Products;
			sourceTree = "<group>";
		};
		E7CA661E29F18630006FB086 /* CollectionViewMovieApp */ = {
			isa = PBXGroup;
			children = (
				E7CA661F29F18630006FB086 /* AppDelegate.swift */,
				E7CA662129F18630006FB086 /* SceneDelegate.swift */,
				E7CA662329F18630006FB086 /* ViewController.swift */,
				E7CA662529F18630006FB086 /* Main.storyboard */,
				E7CA662829F18633006FB086 /* Assets.xcassets */,
				E7CA662A29F18633006FB086 /* LaunchScreen.storyboard */,
				E7CA662D29F18633006FB086 /* Info.plist */,
				E7CA664F29F18A6E006FB086 /* movie.swift */,
				E7CA665129F18B2F006FB086 /* MovieCollectionViewCell.swift */,
			);
			path = CollectionViewMovieApp;
			sourceTree = "<group>";
		};
		E7CA663529F18634006FB086 /* CollectionViewMovieAppTests */ = {
			isa = PBXGroup;
			children = (
				E7CA663629F18634006FB086 /* CollectionViewMovieAppTests.swift */,
			);
			path = CollectionViewMovieAppTests;
			sourceTree = "<group>";
		};
		E7CA663F29F18634006FB086 /* CollectionViewMovieAppUITests */ = {
			isa = PBXGroup;
			children = (
				E7CA664029F18634006FB086 /* CollectionViewMovieAppUITests.swift */,
				E7CA664229F18634006FB086 /* CollectionViewMovieAppUITestsLaunchTests.swift */,
			);
			path = CollectionViewMovieAppUITests;
			sourceTree = "<group>";
		};
/* End PBXGroup section */

/* Begin PBXNativeTarget section */
		E7CA661B29F18630006FB086 /* CollectionViewMovieApp */ = {
			isa = PBXNativeTarget;
			buildConfigurationList = E7CA664629F18634006FB086 /* Build configuration list for PBXNativeTarget "CollectionViewMovieApp" */;
			buildPhases = (
				E7CA661829F18630006FB086 /* Sources */,
				E7CA661929F18630006FB086 /* Frameworks */,
				E7CA661A29F18630006FB086 /* Resources */,
			);
			buildRules = (
			);
			dependencies = (
			);
			name = CollectionViewMovieApp;
			productName = CollectionViewMovieApp;
			productReference = E7CA661C29F18630006FB086 /* CollectionViewMovieApp.app */;
			productType = "com.apple.product-type.application";
		};
		E7CA663129F18634006FB086 /* CollectionViewMovieAppTests */ = {
			isa = PBXNativeTarget;
			buildConfigurationList = E7CA664929F18634006FB086 /* Build configuration list for PBXNativeTarget "CollectionViewMovieAppTests" */;
			buildPhases = (
				E7CA662E29F18634006FB086 /* Sources */,
				E7CA662F29F18634006FB086 /* Frameworks */,
				E7CA663029F18634006FB086 /* Resources */,
			);
			buildRules = (
			);
			dependencies = (
				E7CA663429F18634006FB086 /* PBXTargetDependency */,
			);
			name = CollectionViewMovieAppTests;
			productName = CollectionViewMovieAppTests;
			productReference = E7CA663229F18634006FB086 /* CollectionViewMovieAppTests.xctest */;
			productType = "com.apple.product-type.bundle.unit-test";
		};
		E7CA663B29F18634006FB086 /* CollectionViewMovieAppUITests */ = {
			isa = PBXNativeTarget;
			buildConfigurationList = E7CA664C29F18634006FB086 /* Build configuration list for PBXNativeTarget "CollectionViewMovieAppUITests" */;
			buildPhases = (
				E7CA663829F18634006FB086 /* Sources */,
				E7CA663929F18634006FB086 /* Frameworks */,
				E7CA663A29F18634006FB086 /* Resources */,
			);
			buildRules = (
			);
			dependencies = (
				E7CA663E29F18634006FB086 /* PBXTargetDependency */,
			);
			name = CollectionViewMovieAppUITests;
			productName = CollectionViewMovieAppUITests;
			productReference = E7CA663C29F18634006FB086 /* CollectionViewMovieAppUITests.xctest */;
			productType = "com.apple.product-type.bundle.ui-testing";
		};
/* End PBXNativeTarget section */

/* Begin PBXProject section */
		E7CA661429F18630006FB086 /* Project object */ = {
			isa = PBXProject;
			attributes = {
				BuildIndependentTargetsInParallel = 1;
				LastSwiftUpdateCheck = 1340;
				LastUpgradeCheck = 1340;
				TargetAttributes = {
					E7CA661B29F18630006FB086 = {
						CreatedOnToolsVersion = 13.4.1;
					};
					E7CA663129F18634006FB086 = {
						CreatedOnToolsVersion = 13.4.1;
						TestTargetID = E7CA661B29F18630006FB086;
					};
					E7CA663B29F18634006FB086 = {
						CreatedOnToolsVersion = 13.4.1;
						TestTargetID = E7CA661B29F18630006FB086;
					};
				};
			};
			buildConfigurationList = E7CA661729F18630006FB086 /* Build configuration list for PBXProject "CollectionViewMovieApp" */;
			compatibilityVersion = "Xcode 13.0";
			developmentRegion = en;
			hasScannedForEncodings = 0;
			knownRegions = (
				en,
				Base,
			);
			mainGroup = E7CA661329F18630006FB086;
			productRefGroup = E7CA661D29F18630006FB086 /* Products */;
			projectDirPath = "";
			projectRoot = "";
			targets = (
				E7CA661B29F18630006FB086 /* CollectionViewMovieApp */,
				E7CA663129F18634006FB086 /* CollectionViewMovieAppTests */,
				E7CA663B29F18634006FB086 /* CollectionViewMovieAppUITests */,
			);
		};
/* End PBXProject section */

/* Begin PBXResourcesBuildPhase section */
		E7CA661A29F18630006FB086 /* Resources */ = {
			isa = PBXResourcesBuildPhase;
			buildActionMask = 2147483647;
			files = (
				E7CA662C29F18633006FB086 /* LaunchScreen.storyboard in Resources */,
				E7CA662929F18633006FB086 /* Assets.xcassets in Resources */,
				E7CA662729F18630006FB086 /* Main.storyboard in Resources */,
			);
			runOnlyForDeploymentPostprocessing = 0;
		};
		E7CA663029F18634006FB086 /* Resources */ = {
			isa = PBXResourcesBuildPhase;
			buildActionMask = 2147483647;
			files = (
			);
			runOnlyForDeploymentPostprocessing = 0;
		};
		E7CA663A29F18634006FB086 /* Resources */ = {
			isa = PBXResourcesBuildPhase;
			buildActionMask = 2147483647;
			files = (
			);
			runOnlyForDeploymentPostprocessing = 0;
		};
/* End PBXResourcesBuildPhase section */

/* Begin PBXSourcesBuildPhase section */
		E7CA661829F18630006FB086 /* Sources */ = {
			isa = PBXSourcesBuildPhase;
			buildActionMask = 2147483647;
			files = (
				E7CA662429F18630006FB086 /* ViewController.swift in Sources */,
				E7CA662029F18630006FB086 /* AppDelegate.swift in Sources */,
				E7CA665229F18B2F006FB086 /* MovieCollectionViewCell.swift in Sources */,
				E7CA665029F18A6E006FB086 /* movie.swift in Sources */,
				E7CA662229F18630006FB086 /* SceneDelegate.swift in Sources */,
			);
			runOnlyForDeploymentPostprocessing = 0;
		};
		E7CA662E29F18634006FB086 /* Sources */ = {
			isa = PBXSourcesBuildPhase;
			buildActionMask = 2147483647;
			files = (
				E7CA663729F18634006FB086 /* CollectionViewMovieAppTests.swift in Sources */,
			);
			runOnlyForDeploymentPostprocessing = 0;
		};
		E7CA663829F18634006FB086 /* Sources */ = {
			isa = PBXSourcesBuildPhase;
			buildActionMask = 2147483647;
			files = (
				E7CA664329F18634006FB086 /* CollectionViewMovieAppUITestsLaunchTests.swift in Sources */,
				E7CA664129F18634006FB086 /* CollectionViewMovieAppUITests.swift in Sources */,
			);
			runOnlyForDeploymentPostprocessing = 0;
		};
/* End PBXSourcesBuildPhase section */

/* Begin PBXTargetDependency section */
		E7CA663429F18634006FB086 /* PBXTargetDependency */ = {
			isa = PBXTargetDependency;
			target = E7CA661B29F18630006FB086 /* CollectionViewMovieApp */;
			targetProxy = E7CA663329F18634006FB086 /* PBXContainerItemProxy */;
		};
		E7CA663E29F18634006FB086 /* PBXTargetDependency */ = {
			isa = PBXTargetDependency;
			target = E7CA661B29F18630006FB086 /* CollectionViewMovieApp */;
			targetProxy = E7CA663D29F18634006FB086 /* PBXContainerItemProxy */;
		};
/* End PBXTargetDependency section */

/* Begin PBXVariantGroup section */
		E7CA662529F18630006FB086 /* Main.storyboard */ = {
			isa = PBXVariantGroup;
			children = (
				E7CA662629F18630006FB086 /* Base */,
			);
			name = Main.storyboard;
			sourceTree = "<group>";
		};
		E7CA662A29F18633006FB086 /* LaunchScreen.storyboard */ = {
			isa = PBXVariantGroup;
			children = (
				E7CA662B29F18633006FB086 /* Base */,
			);
			name = LaunchScreen.storyboard;
			sourceTree = "<group>";
		};
/* End PBXVariantGroup section */

/* Begin XCBuildConfiguration section */
		E7CA664429F18634006FB086 /* Debug */ = {
			isa = XCBuildConfiguration;
			buildSettings = {
				ALWAYS_SEARCH_USER_PATHS = NO;
				CLANG_ANALYZER_NONNULL = YES;
				CLANG_ANALYZER_NUMBER_OBJECT_CONVERSION = YES_AGGRESSIVE;
				CLANG_CXX_LANGUAGE_STANDARD = "gnu++17";
				CLANG_ENABLE_MODULES = YES;
				CLANG_ENABLE_OBJC_ARC = YES;
				CLANG_ENABLE_OBJC_WEAK = YES;
				CLANG_WARN_BLOCK_CAPTURE_AUTORELEASING = YES;
				CLANG_WARN_BOOL_CONVERSION = YES;
				CLANG_WARN_COMMA = YES;
				CLANG_WARN_CONSTANT_CONVERSION = YES;
				CLANG_WARN_DEPRECATED_OBJC_IMPLEMENTATIONS = YES;
				CLANG_WARN_DIRECT_OBJC_ISA_USAGE = YES_ERROR;
				CLANG_WARN_DOCUMENTATION_COMMENTS = YES;
				CLANG_WARN_EMPTY_BODY = YES;
				CLANG_WARN_ENUM_CONVERSION = YES;
				CLANG_WARN_INFINITE_RECURSION = YES;
				CLANG_WARN_INT_CONVERSION = YES;
				CLANG_WARN_NON_LITERAL_NULL_CONVERSION = YES;
				CLANG_WARN_OBJC_IMPLICIT_RETAIN_SELF = YES;
				CLANG_WARN_OBJC_LITERAL_CONVERSION = YES;
				CLANG_WARN_OBJC_ROOT_CLASS = YES_ERROR;
				CLANG_WARN_QUOTED_INCLUDE_IN_FRAMEWORK_HEADER = YES;
				CLANG_WARN_RANGE_LOOP_ANALYSIS = YES;
				CLANG_WARN_STRICT_PROTOTYPES = YES;
				CLANG_WARN_SUSPICIOUS_MOVE = YES;
				CLANG_WARN_UNGUARDED_AVAILABILITY = YES_AGGRESSIVE;
				CLANG_WARN_UNREACHABLE_CODE = YES;
				CLANG_WARN__DUPLICATE_METHOD_MATCH = YES;
				COPY_PHASE_STRIP = NO;
				DEBUG_INFORMATION_FORMAT = dwarf;
				ENABLE_STRICT_OBJC_MSGSEND = YES;
				ENABLE_TESTABILITY = YES;
				GCC_C_LANGUAGE_STANDARD = gnu11;
				GCC_DYNAMIC_NO_PIC = NO;
				GCC_NO_COMMON_BLOCKS = YES;
				GCC_OPTIMIZATION_LEVEL = 0;
				GCC_PREPROCESSOR_DEFINITIONS = (
					"DEBUG=1",
					"$(inherited)",
				);
				GCC_WARN_64_TO_32_BIT_CONVERSION = YES;
				GCC_WARN_ABOUT_RETURN_TYPE = YES_ERROR;
				GCC_WARN_UNDECLARED_SELECTOR = YES;
				GCC_WARN_UNINITIALIZED_AUTOS = YES_AGGRESSIVE;
				GCC_WARN_UNUSED_FUNCTION = YES;
				GCC_WARN_UNUSED_VARIABLE = YES;
				IPHONEOS_DEPLOYMENT_TARGET = 15.5;
				MTL_ENABLE_DEBUG_INFO = INCLUDE_SOURCE;
				MTL_FAST_MATH = YES;
				ONLY_ACTIVE_ARCH = YES;
				SDKROOT = iphoneos;
				SWIFT_ACTIVE_COMPILATION_CONDITIONS = DEBUG;
				SWIFT_OPTIMIZATION_LEVEL = "-Onone";
			};
			name = Debug;
		};
		E7CA664529F18634006FB086 /* Release */ = {
			isa = XCBuildConfiguration;
			buildSettings = {
				ALWAYS_SEARCH_USER_PATHS = NO;
				CLANG_ANALYZER_NONNULL = YES;
				CLANG_ANALYZER_NUMBER_OBJECT_CONVERSION = YES_AGGRESSIVE;
				CLANG_CXX_LANGUAGE_STANDARD = "gnu++17";
				CLANG_ENABLE_MODULES = YES;
				CLANG_ENABLE_OBJC_ARC = YES;
				CLANG_ENABLE_OBJC_WEAK = YES;
				CLANG_WARN_BLOCK_CAPTURE_AUTORELEASING = YES;
				CLANG_WARN_BOOL_CONVERSION = YES;
				CLANG_WARN_COMMA = YES;
				CLANG_WARN_CONSTANT_CONVERSION = YES;
				CLANG_WARN_DEPRECATED_OBJC_IMPLEMENTATIONS = YES;
				CLANG_WARN_DIRECT_OBJC_ISA_USAGE = YES_ERROR;
				CLANG_WARN_DOCUMENTATION_COMMENTS = YES;
				CLANG_WARN_EMPTY_BODY = YES;
				CLANG_WARN_ENUM_CONVERSION = YES;
				CLANG_WARN_INFINITE_RECURSION = YES;
				CLANG_WARN_INT_CONVERSION = YES;
				CLANG_WARN_NON_LITERAL_NULL_CONVERSION = YES;
				CLANG_WARN_OBJC_IMPLICIT_RETAIN_SELF = YES;
				CLANG_WARN_OBJC_LITERAL_CONVERSION = YES;
				CLANG_WARN_OBJC_ROOT_CLASS = YES_ERROR;
				CLANG_WARN_QUOTED_INCLUDE_IN_FRAMEWORK_HEADER = YES;
				CLANG_WARN_RANGE_LOOP_ANALYSIS = YES;
				CLANG_WARN_STRICT_PROTOTYPES = YES;
				CLANG_WARN_SUSPICIOUS_MOVE = YES;
				CLANG_WARN_UNGUARDED_AVAILABILITY = YES_AGGRESSIVE;
				CLANG_WARN_UNREACHABLE_CODE = YES;
				CLANG_WARN__DUPLICATE_METHOD_MATCH = YES;
				COPY_PHASE_STRIP = NO;
				DEBUG_INFORMATION_FORMAT = "dwarf-with-dsym";
				ENABLE_NS_ASSERTIONS = NO;
				ENABLE_STRICT_OBJC_MSGSEND = YES;
				GCC_C_LANGUAGE_STANDARD = gnu11;
				GCC_NO_COMMON_BLOCKS = YES;
				GCC_WARN_64_TO_32_BIT_CONVERSION = YES;
				GCC_WARN_ABOUT_RETURN_TYPE = YES_ERROR;
				GCC_WARN_UNDECLARED_SELECTOR = YES;
				GCC_WARN_UNINITIALIZED_AUTOS = YES_AGGRESSIVE;
				GCC_WARN_UNUSED_FUNCTION = YES;
				GCC_WARN_UNUSED_VARIABLE = YES;
				IPHONEOS_DEPLOYMENT_TARGET = 15.5;
				MTL_ENABLE_DEBUG_INFO = NO;
				MTL_FAST_MATH = YES;
				SDKROOT = iphoneos;
				SWIFT_COMPILATION_MODE = wholemodule;
				SWIFT_OPTIMIZATION_LEVEL = "-O";
				VALIDATE_PRODUCT = YES;
			};
			name = Release;
		};
		E7CA664729F18634006FB086 /* Debug */ = {
			isa = XCBuildConfiguration;
			buildSettings = {
				ASSETCATALOG_COMPILER_APPICON_NAME = AppIcon;
				ASSETCATALOG_COMPILER_GLOBAL_ACCENT_COLOR_NAME = AccentColor;
				CODE_SIGN_STYLE = Automatic;
				CURRENT_PROJECT_VERSION = 1;
				GENERATE_INFOPLIST_FILE = YES;
				INFOPLIST_FILE = CollectionViewMovieApp/Info.plist;
				INFOPLIST_KEY_CFBundleDisplayName = CollectionViewMovieApp;
				INFOPLIST_KEY_UIApplicationSupportsIndirectInputEvents = YES;
				INFOPLIST_KEY_UILaunchStoryboardName = LaunchScreen;
				INFOPLIST_KEY_UIMainStoryboardFile = Main;
				INFOPLIST_KEY_UISupportedInterfaceOrientations_iPad = "UIInterfaceOrientationPortrait UIInterfaceOrientationPortraitUpsideDown UIInterfaceOrientationLandscapeLeft UIInterfaceOrientationLandscapeRight";
				INFOPLIST_KEY_UISupportedInterfaceOrientations_iPhone = "UIInterfaceOrientationPortrait UIInterfaceOrientationLandscapeLeft UIInterfaceOrientationLandscapeRight";
				LD_RUNPATH_SEARCH_PATHS = (
					"$(inherited)",
					"@executable_path/Frameworks",
				);
				MARKETING_VERSION = 1.0;
				PRODUCT_BUNDLE_IDENTIFIER = nwmissouri.edu.CollectionViewMovieApp;
				PRODUCT_NAME = "$(TARGET_NAME)";
				SWIFT_EMIT_LOC_STRINGS = YES;
				SWIFT_VERSION = 5.0;
				TARGETED_DEVICE_FAMILY = "1,2";
			};
			name = Debug;
		};
		E7CA664829F18634006FB086 /* Release */ = {
			isa = XCBuildConfiguration;
			buildSettings = {
				ASSETCATALOG_COMPILER_APPICON_NAME = AppIcon;
				ASSETCATALOG_COMPILER_GLOBAL_ACCENT_COLOR_NAME = AccentColor;
				CODE_SIGN_STYLE = Automatic;
				CURRENT_PROJECT_VERSION = 1;
				GENERATE_INFOPLIST_FILE = YES;
				INFOPLIST_FILE = CollectionViewMovieApp/Info.plist;
				INFOPLIST_KEY_CFBundleDisplayName = CollectionViewMovieApp;
				INFOPLIST_KEY_UIApplicationSupportsIndirectInputEvents = YES;
				INFOPLIST_KEY_UILaunchStoryboardName = LaunchScreen;
				INFOPLIST_KEY_UIMainStoryboardFile = Main;
				INFOPLIST_KEY_UISupportedInterfaceOrientations_iPad = "UIInterfaceOrientationPortrait UIInterfaceOrientationPortraitUpsideDown UIInterfaceOrientationLandscapeLeft UIInterfaceOrientationLandscapeRight";
				INFOPLIST_KEY_UISupportedInterfaceOrientations_iPhone = "UIInterfaceOrientationPortrait UIInterfaceOrientationLandscapeLeft UIInterfaceOrientationLandscapeRight";
				LD_RUNPATH_SEARCH_PATHS = (
					"$(inherited)",
					"@executable_path/Frameworks",
				);
				MARKETING_VERSION = 1.0;
				PRODUCT_BUNDLE_IDENTIFIER = nwmissouri.edu.CollectionViewMovieApp;
				PRODUCT_NAME = "$(TARGET_NAME)";
				SWIFT_EMIT_LOC_STRINGS = YES;
				SWIFT_VERSION = 5.0;
				TARGETED_DEVICE_FAMILY = "1,2";
			};
			name = Release;
		};
		E7CA664A29F18634006FB086 /* Debug */ = {
			isa = XCBuildConfiguration;
			buildSettings = {
				ALWAYS_EMBED_SWIFT_STANDARD_LIBRARIES = YES;
				BUNDLE_LOADER = "$(TEST_HOST)";
				CODE_SIGN_STYLE = Automatic;
				CURRENT_PROJECT_VERSION = 1;
				GENERATE_INFOPLIST_FILE = YES;
				IPHONEOS_DEPLOYMENT_TARGET = 15.5;
				MARKETING_VERSION = 1.0;
				PRODUCT_BUNDLE_IDENTIFIER = nwmissouri.edu.CollectionViewMovieAppTests;
				PRODUCT_NAME = "$(TARGET_NAME)";
				SWIFT_EMIT_LOC_STRINGS = NO;
				SWIFT_VERSION = 5.0;
				TARGETED_DEVICE_FAMILY = "1,2";
				TEST_HOST = "$(BUILT_PRODUCTS_DIR)/CollectionViewMovieApp.app/CollectionViewMovieApp";
			};
			name = Debug;
		};
		E7CA664B29F18634006FB086 /* Release */ = {
			isa = XCBuildConfiguration;
			buildSettings = {
				ALWAYS_EMBED_SWIFT_STANDARD_LIBRARIES = YES;
				BUNDLE_LOADER = "$(TEST_HOST)";
				CODE_SIGN_STYLE = Automatic;
				CURRENT_PROJECT_VERSION = 1;
				GENERATE_INFOPLIST_FILE = YES;
				IPHONEOS_DEPLOYMENT_TARGET = 15.5;
				MARKETING_VERSION = 1.0;
				PRODUCT_BUNDLE_IDENTIFIER = nwmissouri.edu.CollectionViewMovieAppTests;
				PRODUCT_NAME = "$(TARGET_NAME)";
				SWIFT_EMIT_LOC_STRINGS = NO;
				SWIFT_VERSION = 5.0;
				TARGETED_DEVICE_FAMILY = "1,2";
				TEST_HOST = "$(BUILT_PRODUCTS_DIR)/CollectionViewMovieApp.app/CollectionViewMovieApp";
			};
			name = Release;
		};
		E7CA664D29F18634006FB086 /* Debug */ = {
			isa = XCBuildConfiguration;
			buildSettings = {
				ALWAYS_EMBED_SWIFT_STANDARD_LIBRARIES = YES;
				CODE_SIGN_STYLE = Automatic;
				CURRENT_PROJECT_VERSION = 1;
				GENERATE_INFOPLIST_FILE = YES;
				MARKETING_VERSION = 1.0;
				PRODUCT_BUNDLE_IDENTIFIER = nwmissouri.edu.CollectionViewMovieAppUITests;
				PRODUCT_NAME = "$(TARGET_NAME)";
				SWIFT_EMIT_LOC_STRINGS = NO;
				SWIFT_VERSION = 5.0;
				TARGETED_DEVICE_FAMILY = "1,2";
				TEST_TARGET_NAME = CollectionViewMovieApp;
			};
			name = Debug;
		};
		E7CA664E29F18634006FB086 /* Release */ = {
			isa = XCBuildConfiguration;
			buildSettings = {
				ALWAYS_EMBED_SWIFT_STANDARD_LIBRARIES = YES;
				CODE_SIGN_STYLE = Automatic;
				CURRENT_PROJECT_VERSION = 1;
				GENERATE_INFOPLIST_FILE = YES;
				MARKETING_VERSION = 1.0;
				PRODUCT_BUNDLE_IDENTIFIER = nwmissouri.edu.CollectionViewMovieAppUITests;
				PRODUCT_NAME = "$(TARGET_NAME)";
				SWIFT_EMIT_LOC_STRINGS = NO;
				SWIFT_VERSION = 5.0;
				TARGETED_DEVICE_FAMILY = "1,2";
				TEST_TARGET_NAME = CollectionViewMovieApp;
			};
			name = Release;
		};
/* End XCBuildConfiguration section */

/* Begin XCConfigurationList section */
		E7CA661729F18630006FB086 /* Build configuration list for PBXProject "CollectionViewMovieApp" */ = {
			isa = XCConfigurationList;
			buildConfigurations = (
				E7CA664429F18634006FB086 /* Debug */,
				E7CA664529F18634006FB086 /* Release */,
			);
			defaultConfigurationIsVisible = 0;
			defaultConfigurationName = Release;
		};
		E7CA664629F18634006FB086 /* Build configuration list for PBXNativeTarget "CollectionViewMovieApp" */ = {
			isa = XCConfigurationList;
			buildConfigurations = (
				E7CA664729F18634006FB086 /* Debug */,
				E7CA664829F18634006FB086 /* Release */,
			);
			defaultConfigurationIsVisible = 0;
			defaultConfigurationName = Release;
		};
		E7CA664929F18634006FB086 /* Build configuration list for PBXNativeTarget "CollectionViewMovieAppTests" */ = {
			isa = XCConfigurationList;
			buildConfigurations = (
				E7CA664A29F18634006FB086 /* Debug */,
				E7CA664B29F18634006FB086 /* Release */,
			);
			defaultConfigurationIsVisible = 0;
			defaultConfigurationName = Release;
		};
		E7CA664C29F18634006FB086 /* Build configuration list for PBXNativeTarget "CollectionViewMovieAppUITests" */ = {
			isa = XCConfigurationList;
			buildConfigurations = (
				E7CA664D29F18634006FB086 /* Debug */,
				E7CA664E29F18634006FB086 /* Release */,
			);
			defaultConfigurationIsVisible = 0;
			defaultConfigurationName = Release;
		};
/* End XCConfigurationList section */
	};
	rootObject = E7CA661429F18630006FB086 /* Project object */;
}
